
Microsoft Visual Studio Solution File, Format Version 12.00
# Visual Studio 2012
Project("{FAE04EC0-301F-11D3-BF4B-00C04F79EFBC}") = "Sistema Aeho", "Sistema Aeho\Sistema Aeho.csproj", "{5CEE6284-CC4F-4761-9F59-146A0BEA63A0}"
EndProject
Project("{FAE04EC0-301F-11D3-BF4B-00C04F79EFBC}") = "AEHOOOOOOO", "..\plataforma-aeho-branch_auxiliar\AEHOOOOOOO\AEHOOOOOOO.csproj", "{5E019D6D-B432-4463-842A-7314441EFD2E}"
EndProject
Project("{FAE04EC0-301F-11D3-BF4B-00C04F79EFBC}") = "ConsoleApplication1", "ConsoleApplication1\ConsoleApplication1.csproj", "{E6CC2091-B151-4C64-8077-561C1E5B9232}"
EndProject
Project("{FAE04EC0-301F-11D3-BF4B-00C04F79EFBC}") = "Hora", "Hora\Hora.csproj", "{852ADB68-F77A-4491-9071-B63FBB5F21D3}"
EndProject
Global
	GlobalSection(SolutionConfigurationPlatforms) = preSolution
		Debug|Any CPU = Debug|Any CPU
		Release|Any CPU = Release|Any CPU
	EndGlobalSection
	GlobalSection(ProjectConfigurationPlatforms) = postSolution
		{5CEE6284-CC4F-4761-9F59-146A0BEA63A0}.Debug|Any CPU.ActiveCfg = Debug|Any CPU
		{5CEE6284-CC4F-4761-9F59-146A0BEA63A0}.Debug|Any CPU.Build.0 = Debug|Any CPU
		{5CEE6284-CC4F-4761-9F59-146A0BEA63A0}.Release|Any CPU.ActiveCfg = Release|Any CPU
		{5CEE6284-CC4F-4761-9F59-146A0BEA63A0}.Release|Any CPU.Build.0 = Release|Any CPU
		{5E019D6D-B432-4463-842A-7314441EFD2E}.Debug|Any CPU.ActiveCfg = Debug|Any CPU
		{5E019D6D-B432-4463-842A-7314441EFD2E}.Debug|Any CPU.Build.0 = Debug|Any CPU
		{5E019D6D-B432-4463-842A-7314441EFD2E}.Release|Any CPU.ActiveCfg = Release|Any CPU
		{5E019D6D-B432-4463-842A-7314441EFD2E}.Release|Any CPU.Build.0 = Release|Any CPU
		{E6CC2091-B151-4C64-8077-561C1E5B9232}.Debug|Any CPU.ActiveCfg = Debug|Any CPU
		{E6CC2091-B151-4C64-8077-561C1E5B9232}.Debug|Any CPU.Build.0 = Debug|Any CPU
		{E6CC2091-B151-4C64-8077-561C1E5B9232}.Release|Any CPU.ActiveCfg = Release|Any CPU
		{E6CC2091-B151-4C64-8077-561C1E5B9232}.Release|Any CPU.Build.0 = Release|Any CPU
		{852ADB68-F77A-4491-9071-B63FBB5F21D3}.Debug|Any CPU.ActiveCfg = Debug|Any CPU
		{852ADB68-F77A-4491-9071-B63FBB5F21D3}.Debug|Any CPU.Build.0 = Debug|Any CPU
		{852ADB68-F77A-4491-9071-B63FBB5F21D3}.Release|Any CPU.ActiveCfg = Release|Any CPU
		{852ADB68-F77A-4491-9071-B63FBB5F21D3}.Release|Any CPU.Build.0 = Release|Any CPU
	EndGlobalSection
	GlobalSection(SolutionProperties) = preSolution
		HideSolutionNode = FALSE
	EndGlobalSection
EndGlobal
